// !$*UTF8*$!
{
	archiveVersion = 1;
	classes = {
	};
	objectVersion = 50;
	objects = {

/* Begin PBXBuildFile section */
		5B5BB407214C4A4000289990 /* GradientView.swift in Sources */ = {isa = PBXBuildFile; fileRef = 5B5BB406214C4A4000289990 /* GradientView.swift */; };
		5BA46CD62151EFE70075DF7A /* LoginVC.swift in Sources */ = {isa = PBXBuildFile; fileRef = 5BA46CD52151EFE70075DF7A /* LoginVC.swift */; };
		5BF07F9C2144B9F300A5CAEC /* AppDelegate.swift in Sources */ = {isa = PBXBuildFile; fileRef = 5BF07F9B2144B9F300A5CAEC /* AppDelegate.swift */; };
		5BF07FA12144B9F300A5CAEC /* Main.storyboard in Resources */ = {isa = PBXBuildFile; fileRef = 5BF07F9F2144B9F300A5CAEC /* Main.storyboard */; };
		5BF07FA32144B9F500A5CAEC /* Assets.xcassets in Resources */ = {isa = PBXBuildFile; fileRef = 5BF07FA22144B9F500A5CAEC /* Assets.xcassets */; };
		5BF07FA62144B9F500A5CAEC /* LaunchScreen.storyboard in Resources */ = {isa = PBXBuildFile; fileRef = 5BF07FA42144B9F500A5CAEC /* LaunchScreen.storyboard */; };
		5BF07FCF2144E6B400A5CAEC /* SWRevealViewController.m in Sources */ = {isa = PBXBuildFile; fileRef = 5BF07FCE2144E6B400A5CAEC /* SWRevealViewController.m */; };
		5BF07FD42144E7A800A5CAEC /* ChatVC.swift in Sources */ = {isa = PBXBuildFile; fileRef = 5BF07FD32144E7A800A5CAEC /* ChatVC.swift */; };
		5BF07FD62144E7B700A5CAEC /* ChannelVC.swift in Sources */ = {isa = PBXBuildFile; fileRef = 5BF07FD52144E7B700A5CAEC /* ChannelVC.swift */; };
		702BCC0CF0257E08C3224358 /* Pods_Smack_Chat.framework in Frameworks */ = {isa = PBXBuildFile; fileRef = 76930A08DF4989DD692983CA /* Pods_Smack_Chat.framework */; };
/* End PBXBuildFile section */

/* Begin PBXFileReference section */
		190654F926F967007885A72D /* Pods-Smack-Chat.release.xcconfig */ = {isa = PBXFileReference; includeInIndex = 1; lastKnownFileType = text.xcconfig; name = "Pods-Smack-Chat.release.xcconfig"; path = "Pods/Target Support Files/Pods-Smack-Chat/Pods-Smack-Chat.release.xcconfig"; sourceTree = "<group>"; };
		4CB63A5FB1BDBDEADB840ECF /* Pods-Smack-Chat.debug.xcconfig */ = {isa = PBXFileReference; includeInIndex = 1; lastKnownFileType = text.xcconfig; name = "Pods-Smack-Chat.debug.xcconfig"; path = "Pods/Target Support Files/Pods-Smack-Chat/Pods-Smack-Chat.debug.xcconfig"; sourceTree = "<group>"; };
		5B5BB406214C4A4000289990 /* GradientView.swift */ = {isa = PBXFileReference; lastKnownFileType = sourcecode.swift; path = GradientView.swift; sourceTree = "<group>"; };
		5BA46CD52151EFE70075DF7A /* LoginVC.swift */ = {isa = PBXFileReference; lastKnownFileType = sourcecode.swift; path = LoginVC.swift; sourceTree = "<group>"; };
		5BF07F982144B9F300A5CAEC /* Smack-Chat.app */ = {isa = PBXFileReference; explicitFileType = wrapper.application; includeInIndex = 0; path = "Smack-Chat.app"; sourceTree = BUILT_PRODUCTS_DIR; };
		5BF07F9B2144B9F300A5CAEC /* AppDelegate.swift */ = {isa = PBXFileReference; lastKnownFileType = sourcecode.swift; path = AppDelegate.swift; sourceTree = "<group>"; };
		5BF07FA02144B9F300A5CAEC /* Base */ = {isa = PBXFileReference; lastKnownFileType = file.storyboard; name = Base; path = Base.lproj/Main.storyboard; sourceTree = "<group>"; };
		5BF07FA22144B9F500A5CAEC /* Assets.xcassets */ = {isa = PBXFileReference; lastKnownFileType = folder.assetcatalog; path = Assets.xcassets; sourceTree = "<group>"; };
		5BF07FA52144B9F500A5CAEC /* Base */ = {isa = PBXFileReference; lastKnownFileType = file.storyboard; name = Base; path = Base.lproj/LaunchScreen.storyboard; sourceTree = "<group>"; };
		5BF07FA72144B9F500A5CAEC /* Info.plist */ = {isa = PBXFileReference; lastKnownFileType = text.plist.xml; path = Info.plist; sourceTree = "<group>"; };
		5BF07FCC2144E6B300A5CAEC /* Smack-Chat-Bridging-Header.h */ = {isa = PBXFileReference; lastKnownFileType = sourcecode.c.h; path = "Smack-Chat-Bridging-Header.h"; sourceTree = "<group>"; };
		5BF07FCD2144E6B400A5CAEC /* SWRevealViewController.h */ = {isa = PBXFileReference; fileEncoding = 4; lastKnownFileType = sourcecode.c.h; path = SWRevealViewController.h; sourceTree = "<group>"; };
		5BF07FCE2144E6B400A5CAEC /* SWRevealViewController.m */ = {isa = PBXFileReference; fileEncoding = 4; lastKnownFileType = sourcecode.c.objc; path = SWRevealViewController.m; sourceTree = "<group>"; };
		5BF07FD32144E7A800A5CAEC /* ChatVC.swift */ = {isa = PBXFileReference; lastKnownFileType = sourcecode.swift; path = ChatVC.swift; sourceTree = "<group>"; };
		5BF07FD52144E7B700A5CAEC /* ChannelVC.swift */ = {isa = PBXFileReference; lastKnownFileType = sourcecode.swift; path = ChannelVC.swift; sourceTree = "<group>"; };
		76930A08DF4989DD692983CA /* Pods_Smack_Chat.framework */ = {isa = PBXFileReference; explicitFileType = wrapper.framework; includeInIndex = 0; path = Pods_Smack_Chat.framework; sourceTree = BUILT_PRODUCTS_DIR; };
/* End PBXFileReference section */

/* Begin PBXFrameworksBuildPhase section */
		5BF07F952144B9F300A5CAEC /* Frameworks */ = {
			isa = PBXFrameworksBuildPhase;
			buildActionMask = 2147483647;
			files = (
				702BCC0CF0257E08C3224358 /* Pods_Smack_Chat.framework in Frameworks */,
			);
			runOnlyForDeploymentPostprocessing = 0;
		};
/* End PBXFrameworksBuildPhase section */

/* Begin PBXGroup section */
		16EAC56885A5DDF3F67B72D3 /* Frameworks */ = {
			isa = PBXGroup;
			children = (
				76930A08DF4989DD692983CA /* Pods_Smack_Chat.framework */,
			);
			name = Frameworks;
			sourceTree = "<group>";
		};
		5BF07F8F2144B9F300A5CAEC = {
			isa = PBXGroup;
			children = (
				5BF07F9A2144B9F300A5CAEC /* Smack-Chat */,
				5BF07F992144B9F300A5CAEC /* Products */,
				92B71EB808114EBBAA613F90 /* Pods */,
				16EAC56885A5DDF3F67B72D3 /* Frameworks */,
			);
			sourceTree = "<group>";
		};
		5BF07F992144B9F300A5CAEC /* Products */ = {
			isa = PBXGroup;
			children = (
				5BF07F982144B9F300A5CAEC /* Smack-Chat.app */,
			);
			name = Products;
			sourceTree = "<group>";
		};
		5BF07F9A2144B9F300A5CAEC /* Smack-Chat */ = {
			isa = PBXGroup;
			children = (
				5BF07FD22144E78E00A5CAEC /* controller */,
				5BF07FD12144E78900A5CAEC /* model */,
				5BF07FD02144E78300A5CAEC /* view */,
				5BF07FCB2144E68A00A5CAEC /* Supporting Files */,
				5BF07F9B2144B9F300A5CAEC /* AppDelegate.swift */,
				5BF07F9F2144B9F300A5CAEC /* Main.storyboard */,
				5BF07FA22144B9F500A5CAEC /* Assets.xcassets */,
				5BF07FA42144B9F500A5CAEC /* LaunchScreen.storyboard */,
				5BF07FA72144B9F500A5CAEC /* Info.plist */,
			);
			path = "Smack-Chat";
			sourceTree = "<group>";
		};
		5BF07FCB2144E68A00A5CAEC /* Supporting Files */ = {
			isa = PBXGroup;
			children = (
				5BF07FCD2144E6B400A5CAEC /* SWRevealViewController.h */,
				5BF07FCE2144E6B400A5CAEC /* SWRevealViewController.m */,
				5BF07FCC2144E6B300A5CAEC /* Smack-Chat-Bridging-Header.h */,
			);
			path = "Supporting Files";
			sourceTree = "<group>";
		};
		5BF07FD02144E78300A5CAEC /* view */ = {
			isa = PBXGroup;
			children = (
				5B5BB406214C4A4000289990 /* GradientView.swift */,
			);
			path = view;
			sourceTree = "<group>";
		};
		5BF07FD12144E78900A5CAEC /* model */ = {
			isa = PBXGroup;
			children = (
			);
			path = model;
			sourceTree = "<group>";
		};
		5BF07FD22144E78E00A5CAEC /* controller */ = {
			isa = PBXGroup;
			children = (
				5BF07FD32144E7A800A5CAEC /* ChatVC.swift */,
				5BF07FD52144E7B700A5CAEC /* ChannelVC.swift */,
				5BA46CD52151EFE70075DF7A /* LoginVC.swift */,
			);
			path = controller;
			sourceTree = "<group>";
		};
		92B71EB808114EBBAA613F90 /* Pods */ = {
			isa = PBXGroup;
			children = (
				4CB63A5FB1BDBDEADB840ECF /* Pods-Smack-Chat.debug.xcconfig */,
				190654F926F967007885A72D /* Pods-Smack-Chat.release.xcconfig */,
			);
			name = Pods;
			sourceTree = "<group>";
		};
/* End PBXGroup section */

/* Begin PBXNativeTarget section */
		5BF07F972144B9F300A5CAEC /* Smack-Chat */ = {
			isa = PBXNativeTarget;
			buildConfigurationList = 5BF07FAA2144B9F500A5CAEC /* Build configuration list for PBXNativeTarget "Smack-Chat" */;
			buildPhases = (
				ED6FF6D3ADF9EF665BCB75A4 /* [CP] Check Pods Manifest.lock */,
				5BF07F942144B9F300A5CAEC /* Sources */,
				5BF07F952144B9F300A5CAEC /* Frameworks */,
				5BF07F962144B9F300A5CAEC /* Resources */,
				ACD5D8FCFB74F8B024A63E42 /* [CP] Embed Pods Frameworks */,
			);
			buildRules = (
			);
			dependencies = (
			);
			name = "Smack-Chat";
			productName = "Smack-Chat";
			productReference = 5BF07F982144B9F300A5CAEC /* Smack-Chat.app */;
			productType = "com.apple.product-type.application";
		};
/* End PBXNativeTarget section */

/* Begin PBXProject section */
		5BF07F902144B9F300A5CAEC /* Project object */ = {
			isa = PBXProject;
			attributes = {
				LastSwiftUpdateCheck = 0940;
				LastUpgradeCheck = 0940;
				ORGANIZATIONNAME = "Marwa Zabara";
				TargetAttributes = {
					5BF07F972144B9F300A5CAEC = {
						CreatedOnToolsVersion = 9.4.1;
						LastSwiftMigration = 0940;
					};
				};
			};
			buildConfigurationList = 5BF07F932144B9F300A5CAEC /* Build configuration list for PBXProject "Smack-Chat" */;
			compatibilityVersion = "Xcode 9.3";
			developmentRegion = en;
			hasScannedForEncodings = 0;
			knownRegions = (
				en,
				Base,
			);
			mainGroup = 5BF07F8F2144B9F300A5CAEC;
			productRefGroup = 5BF07F992144B9F300A5CAEC /* Products */;
			projectDirPath = "";
			projectRoot = "";
			targets = (
				5BF07F972144B9F300A5CAEC /* Smack-Chat */,
			);
		};
/* End PBXProject section */

/* Begin PBXResourcesBuildPhase section */
		5BF07F962144B9F300A5CAEC /* Resources */ = {
			isa = PBXResourcesBuildPhase;
			buildActionMask = 2147483647;
			files = (
				5BF07FA62144B9F500A5CAEC /* LaunchScreen.storyboard in Resources */,
				5BF07FA32144B9F500A5CAEC /* Assets.xcassets in Resources */,
				5BF07FA12144B9F300A5CAEC /* Main.storyboard in Resources */,
			);
			runOnlyForDeploymentPostprocessing = 0;
		};
/* End PBXResourcesBuildPhase section */

/* Begin PBXShellScriptBuildPhase section */
		ACD5D8FCFB74F8B024A63E42 /* [CP] Embed Pods Frameworks */ = {
			isa = PBXShellScriptBuildPhase;
			buildActionMask = 2147483647;
			files = (
			);
			inputPaths = (
				"${SRCROOT}/Pods/Target Support Files/Pods-Smack-Chat/Pods-Smack-Chat-frameworks.sh",
				"${BUILT_PRODUCTS_DIR}/Alamofire/Alamofire.framework",
				"${BUILT_PRODUCTS_DIR}/Socket.IO-Client-Swift/SocketIO.framework",
				"${BUILT_PRODUCTS_DIR}/Starscream/Starscream.framework",
				"${BUILT_PRODUCTS_DIR}/SwiftyJSON/SwiftyJSON.framework",
			);
			name = "[CP] Embed Pods Frameworks";
			outputPaths = (
				"${TARGET_BUILD_DIR}/${FRAMEWORKS_FOLDER_PATH}/Alamofire.framework",
				"${TARGET_BUILD_DIR}/${FRAMEWORKS_FOLDER_PATH}/SocketIO.framework",
				"${TARGET_BUILD_DIR}/${FRAMEWORKS_FOLDER_PATH}/Starscream.framework",
				"${TARGET_BUILD_DIR}/${FRAMEWORKS_FOLDER_PATH}/SwiftyJSON.framework",
			);
			runOnlyForDeploymentPostprocessing = 0;
			shellPath = /bin/sh;
			shellScript = "\"${SRCROOT}/Pods/Target Support Files/Pods-Smack-Chat/Pods-Smack-Chat-frameworks.sh\"\n";
			showEnvVarsInLog = 0;
		};
		ED6FF6D3ADF9EF665BCB75A4 /* [CP] Check Pods Manifest.lock */ = {
			isa = PBXShellScriptBuildPhase;
			buildActionMask = 2147483647;
			files = (
			);
			inputPaths = (
				"${PODS_PODFILE_DIR_PATH}/Podfile.lock",
				"${PODS_ROOT}/Manifest.lock",
			);
			name = "[CP] Check Pods Manifest.lock";
			outputPaths = (
				"$(DERIVED_FILE_DIR)/Pods-Smack-Chat-checkManifestLockResult.txt",
			);
			runOnlyForDeploymentPostprocessing = 0;
			shellPath = /bin/sh;
			shellScript = "diff \"${PODS_PODFILE_DIR_PATH}/Podfile.lock\" \"${PODS_ROOT}/Manifest.lock\" > /dev/null\nif [ $? != 0 ] ; then\n    # print error to STDERR\n    echo \"error: The sandbox is not in sync with the Podfile.lock. Run 'pod install' or update your CocoaPods installation.\" >&2\n    exit 1\nfi\n# This output is used by Xcode 'outputs' to avoid re-running this script phase.\necho \"SUCCESS\" > \"${SCRIPT_OUTPUT_FILE_0}\"\n";
			showEnvVarsInLog = 0;
		};
/* End PBXShellScriptBuildPhase section */

/* Begin PBXSourcesBuildPhase section */
		5BF07F942144B9F300A5CAEC /* Sources */ = {
			isa = PBXSourcesBuildPhase;
			buildActionMask = 2147483647;
			files = (
				5BF07FD42144E7A800A5CAEC /* ChatVC.swift in Sources */,
				5BF07F9C2144B9F300A5CAEC /* AppDelegate.swift in Sources */,
				5BA46CD62151EFE70075DF7A /* LoginVC.swift in Sources */,
				5B5BB407214C4A4000289990 /* GradientView.swift in Sources */,
				5BF07FCF2144E6B400A5CAEC /* SWRevealViewController.m in Sources */,
				5BF07FD62144E7B700A5CAEC /* ChannelVC.swift in Sources */,
			);
			runOnlyForDeploymentPostprocessing = 0;
		};
/* End PBXSourcesBuildPhase section */

/* Begin PBXVariantGroup section */
		5BF07F9F2144B9F300A5CAEC /* Main.storyboard */ = {
			isa = PBXVariantGroup;
			children = (
				5BF07FA02144B9F300A5CAEC /* Base */,
			);
			name = Main.storyboard;
			sourceTree = "<group>";
		};
		5BF07FA42144B9F500A5CAEC /* LaunchScreen.storyboard */ = {
			isa = PBXVariantGroup;
			children = (
				5BF07FA52144B9F500A5CAEC /* Base */,
			);
			name = LaunchScreen.storyboard;
			sourceTree = "<group>";
		};
/* End PBXVariantGroup section */

/* Begin XCBuildConfiguration section */
		5BF07FA82144B9F500A5CAEC /* Debug */ = {
			isa = XCBuildConfiguration;
			buildSettings = {
				ALWAYS_SEARCH_USER_PATHS = NO;
				CLANG_ANALYZER_NONNULL = YES;
				CLANG_ANALYZER_NUMBER_OBJECT_CONVERSION = YES_AGGRESSIVE;
				CLANG_CXX_LANGUAGE_STANDARD = "gnu++14";
				CLANG_CXX_LIBRARY = "libc++";
				CLANG_ENABLE_MODULES = YES;
				CLANG_ENABLE_OBJC_ARC = YES;
				CLANG_ENABLE_OBJC_WEAK = YES;
				CLANG_WARN_BLOCK_CAPTURE_AUTORELEASING = YES;
				CLANG_WARN_BOOL_CONVERSION = YES;
				CLANG_WARN_COMMA = YES;
				CLANG_WARN_CONSTANT_CONVERSION = YES;
				CLANG_WARN_DEPRECATED_OBJC_IMPLEMENTATIONS = YES;
				CLANG_WARN_DIRECT_OBJC_ISA_USAGE = YES_ERROR;
				CLANG_WARN_DOCUMENTATION_COMMENTS = YES;
				CLANG_WARN_EMPTY_BODY = YES;
				CLANG_WARN_ENUM_CONVERSION = YES;
				CLANG_WARN_INFINITE_RECURSION = YES;
				CLANG_WARN_INT_CONVERSION = YES;
				CLANG_WARN_NON_LITERAL_NULL_CONVERSION = YES;
				CLANG_WARN_OBJC_IMPLICIT_RETAIN_SELF = YES;
				CLANG_WARN_OBJC_LITERAL_CONVERSION = YES;
				CLANG_WARN_OBJC_ROOT_CLASS = YES_ERROR;
				CLANG_WARN_RANGE_LOOP_ANALYSIS = YES;
				CLANG_WARN_STRICT_PROTOTYPES = YES;
				CLANG_WARN_SUSPICIOUS_MOVE = YES;
				CLANG_WARN_UNGUARDED_AVAILABILITY = YES_AGGRESSIVE;
				CLANG_WARN_UNREACHABLE_CODE = YES;
				CLANG_WARN__DUPLICATE_METHOD_MATCH = YES;
				CODE_SIGN_IDENTITY = "iPhone Developer";
				COPY_PHASE_STRIP = NO;
				DEBUG_INFORMATION_FORMAT = dwarf;
				ENABLE_STRICT_OBJC_MSGSEND = YES;
				ENABLE_TESTABILITY = YES;
				GCC_C_LANGUAGE_STANDARD = gnu11;
				GCC_DYNAMIC_NO_PIC = NO;
				GCC_NO_COMMON_BLOCKS = YES;
				GCC_OPTIMIZATION_LEVEL = 0;
				GCC_PREPROCESSOR_DEFINITIONS = (
					"DEBUG=1",
					"$(inherited)",
				);
				GCC_WARN_64_TO_32_BIT_CONVERSION = YES;
				GCC_WARN_ABOUT_RETURN_TYPE = YES_ERROR;
				GCC_WARN_UNDECLARED_SELECTOR = YES;
				GCC_WARN_UNINITIALIZED_AUTOS = YES_AGGRESSIVE;
				GCC_WARN_UNUSED_FUNCTION = YES;
				GCC_WARN_UNUSED_VARIABLE = YES;
				IPHONEOS_DEPLOYMENT_TARGET = 11.4;
				MTL_ENABLE_DEBUG_INFO = YES;
				ONLY_ACTIVE_ARCH = YES;
				SDKROOT = iphoneos;
				SWIFT_ACTIVE_COMPILATION_CONDITIONS = DEBUG;
				SWIFT_OPTIMIZATION_LEVEL = "-Onone";
			};
			name = Debug;
		};
		5BF07FA92144B9F500A5CAEC /* Release */ = {
			isa = XCBuildConfiguration;
			buildSettings = {
				ALWAYS_SEARCH_USER_PATHS = NO;
				CLANG_ANALYZER_NONNULL = YES;
				CLANG_ANALYZER_NUMBER_OBJECT_CONVERSION = YES_AGGRESSIVE;
				CLANG_CXX_LANGUAGE_STANDARD = "gnu++14";
				CLANG_CXX_LIBRARY = "libc++";
				CLANG_ENABLE_MODULES = YES;
				CLANG_ENABLE_OBJC_ARC = YES;
				CLANG_ENABLE_OBJC_WEAK = YES;
				CLANG_WARN_BLOCK_CAPTURE_AUTORELEASING = YES;
				CLANG_WARN_BOOL_CONVERSION = YES;
				CLANG_WARN_COMMA = YES;
				CLANG_WARN_CONSTANT_CONVERSION = YES;
				CLANG_WARN_DEPRECATED_OBJC_IMPLEMENTATIONS = YES;
				CLANG_WARN_DIRECT_OBJC_ISA_USAGE = YES_ERROR;
				CLANG_WARN_DOCUMENTATION_COMMENTS = YES;
				CLANG_WARN_EMPTY_BODY = YES;
				CLANG_WARN_ENUM_CONVERSION = YES;
				CLANG_WARN_INFINITE_RECURSION = YES;
				CLANG_WARN_INT_CONVERSION = YES;
				CLANG_WARN_NON_LITERAL_NULL_CONVERSION = YES;
				CLANG_WARN_OBJC_IMPLICIT_RETAIN_SELF = YES;
				CLANG_WARN_OBJC_LITERAL_CONVERSION = YES;
				CLANG_WARN_OBJC_ROOT_CLASS = YES_ERROR;
				CLANG_WARN_RANGE_LOOP_ANALYSIS = YES;
				CLANG_WARN_STRICT_PROTOTYPES = YES;
				CLANG_WARN_SUSPICIOUS_MOVE = YES;
				CLANG_WARN_UNGUARDED_AVAILABILITY = YES_AGGRESSIVE;
				CLANG_WARN_UNREACHABLE_CODE = YES;
				CLANG_WARN__DUPLICATE_METHOD_MATCH = YES;
				CODE_SIGN_IDENTITY = "iPhone Developer";
				COPY_PHASE_STRIP = NO;
				DEBUG_INFORMATION_FORMAT = "dwarf-with-dsym";
				ENABLE_NS_ASSERTIONS = NO;
				ENABLE_STRICT_OBJC_MSGSEND = YES;
				GCC_C_LANGUAGE_STANDARD = gnu11;
				GCC_NO_COMMON_BLOCKS = YES;
				GCC_WARN_64_TO_32_BIT_CONVERSION = YES;
				GCC_WARN_ABOUT_RETURN_TYPE = YES_ERROR;
				GCC_WARN_UNDECLARED_SELECTOR = YES;
				GCC_WARN_UNINITIALIZED_AUTOS = YES_AGGRESSIVE;
				GCC_WARN_UNUSED_FUNCTION = YES;
				GCC_WARN_UNUSED_VARIABLE = YES;
				IPHONEOS_DEPLOYMENT_TARGET = 11.4;
				MTL_ENABLE_DEBUG_INFO = NO;
				SDKROOT = iphoneos;
				SWIFT_COMPILATION_MODE = wholemodule;
				SWIFT_OPTIMIZATION_LEVEL = "-O";
				VALIDATE_PRODUCT = YES;
			};
			name = Release;
		};
		5BF07FAB2144B9F500A5CAEC /* Debug */ = {
			isa = XCBuildConfiguration;
			baseConfigurationReference = 4CB63A5FB1BDBDEADB840ECF /* Pods-Smack-Chat.debug.xcconfig */;
			buildSettings = {
				ASSETCATALOG_COMPILER_APPICON_NAME = AppIcon;
				CLANG_ENABLE_MODULES = YES;
				CODE_SIGN_STYLE = Automatic;
				INFOPLIST_FILE = "Smack-Chat/Info.plist";
				LD_RUNPATH_SEARCH_PATHS = (
					"$(inherited)",
					"@executable_path/Frameworks",
				);
				PRODUCT_BUNDLE_IDENTIFIER = "learn.Smack-Chat";
				PRODUCT_NAME = "$(TARGET_NAME)";
				SWIFT_OBJC_BRIDGING_HEADER = "Smack-Chat/Supporting Files/Smack-Chat-Bridging-Header.h";
				SWIFT_OPTIMIZATION_LEVEL = "-Onone";
				SWIFT_VERSION = 4.0;
				TARGETED_DEVICE_FAMILY = "1,2";
			};
			name = Debug;
		};
		5BF07FAC2144B9F500A5CAEC /* Release */ = {
			isa = XCBuildConfiguration;
			baseConfigurationReference = 190654F926F967007885A72D /* Pods-Smack-Chat.release.xcconfig */;
			buildSettings = {
				ASSETCATALOG_COMPILER_APPICON_NAME = AppIcon;
				CLANG_ENABLE_MODULES = YES;
				CODE_SIGN_STYLE = Automatic;
				INFOPLIST_FILE = "Smack-Chat/Info.plist";
				LD_RUNPATH_SEARCH_PATHS = (
					"$(inherited)",
					"@executable_path/Frameworks",
				);
				PRODUCT_BUNDLE_IDENTIFIER = "learn.Smack-Chat";
				PRODUCT_NAME = "$(TARGET_NAME)";
				SWIFT_OBJC_BRIDGING_HEADER = "Smack-Chat/Supporting Files/Smack-Chat-Bridging-Header.h";
				SWIFT_VERSION = 4.0;
				TARGETED_DEVICE_FAMILY = "1,2";
			};
			name = Release;
		};
/* End XCBuildConfiguration section */

/* Begin XCConfigurationList section */
		5BF07F932144B9F300A5CAEC /* Build configuration list for PBXProject "Smack-Chat" */ = {
			isa = XCConfigurationList;
			buildConfigurations = (
				5BF07FA82144B9F500A5CAEC /* Debug */,
				5BF07FA92144B9F500A5CAEC /* Release */,
			);
			defaultConfigurationIsVisible = 0;
			defaultConfigurationName = Release;
		};
		5BF07FAA2144B9F500A5CAEC /* Build configuration list for PBXNativeTarget "Smack-Chat" */ = {
			isa = XCConfigurationList;
			buildConfigurations = (
				5BF07FAB2144B9F500A5CAEC /* Debug */,
				5BF07FAC2144B9F500A5CAEC /* Release */,
			);
			defaultConfigurationIsVisible = 0;
			defaultConfigurationName = Release;
		};
/* End XCConfigurationList section */
	};
	rootObject = 5BF07F902144B9F300A5CAEC /* Project object */;
}
